
Microsoft Visual Studio Solution File, Format Version 12.00
# Visual Studio Version 16
VisualStudioVersion = 16.0.31410.357
MinimumVisualStudioVersion = 10.0.40219.1
Project("{FAE04EC0-301F-11D3-BF4B-00C04F79EFBC}") = "MidTerm", "MidTerm.csproj", "{9681DE5C-D1E6-4DEE-AD0A-53E2B401759C}"
EndProject
Global
	GlobalSection(SolutionConfigurationPlatforms) = preSolution
		Debug|Any CPU = Debug|Any CPU
		Release|Any CPU = Release|Any CPU
	EndGlobalSection
	GlobalSection(ProjectConfigurationPlatforms) = postSolution
		{9681DE5C-D1E6-4DEE-AD0A-53E2B401759C}.Debug|Any CPU.ActiveCfg = Debug|Any CPU
		{9681DE5C-D1E6-4DEE-AD0A-53E2B401759C}.Debug|Any CPU.Build.0 = Debug|Any CPU
		{9681DE5C-D1E6-4DEE-AD0A-53E2B401759C}.Release|Any CPU.ActiveCfg = Release|Any CPU
		{9681DE5C-D1E6-4DEE-AD0A-53E2B401759C}.Release|Any CPU.Build.0 = Release|Any CPU
	EndGlobalSection
	GlobalSection(SolutionProperties) = preSolution
		HideSolutionNode = FALSE
	EndGlobalSection
	GlobalSection(ExtensibilityGlobals) = postSolution
		SolutionGuid = {75700FE2-309F-40BC-A9F0-9A8C419882A7}
	EndGlobalSection
EndGlobal
